
Microsoft Visual Studio Solution File, Format Version 12.00
# Visual Studio Version 17
VisualStudioVersion = 17.0.31903.59
MinimumVisualStudioVersion = 10.0.40219.1
Project("{FAE04EC0-301F-11D3-BF4B-00C04F79EFBC}") = "OpenRouter.NET", "packages\dotnet-sdk\OpenRouter.NET.csproj", "{20D19A58-0506-4306-B438-A8F8A3D7D7D1}"
EndProject
Project("{2150E333-8FDC-42A3-9474-1A3956D46DE8}") = "samples", "samples", "{5D20AA90-6969-D8BD-9DCD-8634F4692FDA}"
EndProject
Project("{FAE04EC0-301F-11D3-BF4B-00C04F79EFBC}") = "BasicCliSample", "samples\BasicCliSample\BasicCliSample.csproj", "{B63A1EE9-2A63-4D35-8954-9515E14C06C0}"
EndProject
Project("{2150E333-8FDC-42A3-9474-1A3956D46DE8}") = "tests", "tests", "{0AB3BF05-4346-4AA6-1389-037BE0695223}"
EndProject
Project("{FAE04EC0-301F-11D3-BF4B-00C04F79EFBC}") = "OpenRouter.NET.Tests", "tests\OpenRouter.NET.Tests\OpenRouter.NET.Tests.csproj", "{6ABDDADD-5AB6-477C-8ECB-50BB8FDA7AD9}"
EndProject
Project("{FAE04EC0-301F-11D3-BF4B-00C04F79EFBC}") = "DiagnosticSample", "samples\DiagnosticSample\DiagnosticSample.csproj", "{0F1987EA-C678-4F85-91F0-FD95B869AC04}"
EndProject
Project("{2150E333-8FDC-42A3-9474-1A3956D46DE8}") = "StreamingWebApiSample", "StreamingWebApiSample", "{1E5E934C-63F3-C70D-188F-C029021D49D7}"
EndProject
Project("{FAE04EC0-301F-11D3-BF4B-00C04F79EFBC}") = "samples", "samples\StreamingWebApiSample\samples.csproj", "{87A77033-E2E8-4A51-8AA4-FF57A75A9A8E}"
EndProject
Global
	GlobalSection(SolutionConfigurationPlatforms) = preSolution
		Debug|Any CPU = Debug|Any CPU
		Debug|x64 = Debug|x64
		Debug|x86 = Debug|x86
		Release|Any CPU = Release|Any CPU
		Release|x64 = Release|x64
		Release|x86 = Release|x86
	EndGlobalSection
	GlobalSection(ProjectConfigurationPlatforms) = postSolution
		{20D19A58-0506-4306-B438-A8F8A3D7D7D1}.Debug|Any CPU.ActiveCfg = Debug|Any CPU
		{20D19A58-0506-4306-B438-A8F8A3D7D7D1}.Debug|Any CPU.Build.0 = Debug|Any CPU
		{20D19A58-0506-4306-B438-A8F8A3D7D7D1}.Debug|x64.ActiveCfg = Debug|Any CPU
		{20D19A58-0506-4306-B438-A8F8A3D7D7D1}.Debug|x64.Build.0 = Debug|Any CPU
		{20D19A58-0506-4306-B438-A8F8A3D7D7D1}.Debug|x86.ActiveCfg = Debug|Any CPU
		{20D19A58-0506-4306-B438-A8F8A3D7D7D1}.Debug|x86.Build.0 = Debug|Any CPU
		{20D19A58-0506-4306-B438-A8F8A3D7D7D1}.Release|Any CPU.ActiveCfg = Release|Any CPU
		{20D19A58-0506-4306-B438-A8F8A3D7D7D1}.Release|Any CPU.Build.0 = Release|Any CPU
		{20D19A58-0506-4306-B438-A8F8A3D7D7D1}.Release|x64.ActiveCfg = Release|Any CPU
		{20D19A58-0506-4306-B438-A8F8A3D7D7D1}.Release|x64.Build.0 = Release|Any CPU
		{20D19A58-0506-4306-B438-A8F8A3D7D7D1}.Release|x86.ActiveCfg = Release|Any CPU
		{20D19A58-0506-4306-B438-A8F8A3D7D7D1}.Release|x86.Build.0 = Release|Any CPU
		{B63A1EE9-2A63-4D35-8954-9515E14C06C0}.Debug|Any CPU.ActiveCfg = Debug|Any CPU
		{B63A1EE9-2A63-4D35-8954-9515E14C06C0}.Debug|Any CPU.Build.0 = Debug|Any CPU
		{B63A1EE9-2A63-4D35-8954-9515E14C06C0}.Debug|x64.ActiveCfg = Debug|Any CPU
		{B63A1EE9-2A63-4D35-8954-9515E14C06C0}.Debug|x64.Build.0 = Debug|Any CPU
		{B63A1EE9-2A63-4D35-8954-9515E14C06C0}.Debug|x86.ActiveCfg = Debug|Any CPU
		{B63A1EE9-2A63-4D35-8954-9515E14C06C0}.Debug|x86.Build.0 = Debug|Any CPU
		{B63A1EE9-2A63-4D35-8954-9515E14C06C0}.Release|Any CPU.ActiveCfg = Release|Any CPU
		{B63A1EE9-2A63-4D35-8954-9515E14C06C0}.Release|Any CPU.Build.0 = Release|Any CPU
		{B63A1EE9-2A63-4D35-8954-9515E14C06C0}.Release|x64.ActiveCfg = Release|Any CPU
		{B63A1EE9-2A63-4D35-8954-9515E14C06C0}.Release|x64.Build.0 = Release|Any CPU
		{B63A1EE9-2A63-4D35-8954-9515E14C06C0}.Release|x86.ActiveCfg = Release|Any CPU
		{B63A1EE9-2A63-4D35-8954-9515E14C06C0}.Release|x86.Build.0 = Release|Any CPU
		{6ABDDADD-5AB6-477C-8ECB-50BB8FDA7AD9}.Debug|Any CPU.ActiveCfg = Debug|Any CPU
		{6ABDDADD-5AB6-477C-8ECB-50BB8FDA7AD9}.Debug|Any CPU.Build.0 = Debug|Any CPU
		{6ABDDADD-5AB6-477C-8ECB-50BB8FDA7AD9}.Debug|x64.ActiveCfg = Debug|Any CPU
		{6ABDDADD-5AB6-477C-8ECB-50BB8FDA7AD9}.Debug|x64.Build.0 = Debug|Any CPU
		{6ABDDADD-5AB6-477C-8ECB-50BB8FDA7AD9}.Debug|x86.ActiveCfg = Debug|Any CPU
		{6ABDDADD-5AB6-477C-8ECB-50BB8FDA7AD9}.Debug|x86.Build.0 = Debug|Any CPU
		{6ABDDADD-5AB6-477C-8ECB-50BB8FDA7AD9}.Release|Any CPU.ActiveCfg = Release|Any CPU
		{6ABDDADD-5AB6-477C-8ECB-50BB8FDA7AD9}.Release|Any CPU.Build.0 = Release|Any CPU
		{6ABDDADD-5AB6-477C-8ECB-50BB8FDA7AD9}.Release|x64.ActiveCfg = Release|Any CPU
		{6ABDDADD-5AB6-477C-8ECB-50BB8FDA7AD9}.Release|x64.Build.0 = Release|Any CPU
		{6ABDDADD-5AB6-477C-8ECB-50BB8FDA7AD9}.Release|x86.ActiveCfg = Release|Any CPU
		{6ABDDADD-5AB6-477C-8ECB-50BB8FDA7AD9}.Release|x86.Build.0 = Release|Any CPU
		{0F1987EA-C678-4F85-91F0-FD95B869AC04}.Debug|Any CPU.ActiveCfg = Debug|Any CPU
		{0F1987EA-C678-4F85-91F0-FD95B869AC04}.Debug|Any CPU.Build.0 = Debug|Any CPU
		{0F1987EA-C678-4F85-91F0-FD95B869AC04}.Debug|x64.ActiveCfg = Debug|Any CPU
		{0F1987EA-C678-4F85-91F0-FD95B869AC04}.Debug|x64.Build.0 = Debug|Any CPU
		{0F1987EA-C678-4F85-91F0-FD95B869AC04}.Debug|x86.ActiveCfg = Debug|Any CPU
		{0F1987EA-C678-4F85-91F0-FD95B869AC04}.Debug|x86.Build.0 = Debug|Any CPU
		{0F1987EA-C678-4F85-91F0-FD95B869AC04}.Release|Any CPU.ActiveCfg = Release|Any CPU
		{0F1987EA-C678-4F85-91F0-FD95B869AC04}.Release|Any CPU.Build.0 = Release|Any CPU
		{0F1987EA-C678-4F85-91F0-FD95B869AC04}.Release|x64.ActiveCfg = Release|Any CPU
		{0F1987EA-C678-4F85-91F0-FD95B869AC04}.Release|x64.Build.0 = Release|Any CPU
		{0F1987EA-C678-4F85-91F0-FD95B869AC04}.Release|x86.ActiveCfg = Release|Any CPU
		{0F1987EA-C678-4F85-91F0-FD95B869AC04}.Release|x86.Build.0 = Release|Any CPU
		{87A77033-E2E8-4A51-8AA4-FF57A75A9A8E}.Debug|Any CPU.ActiveCfg = Debug|Any CPU
		{87A77033-E2E8-4A51-8AA4-FF57A75A9A8E}.Debug|Any CPU.Build.0 = Debug|Any CPU
		{87A77033-E2E8-4A51-8AA4-FF57A75A9A8E}.Debug|x64.ActiveCfg = Debug|Any CPU
		{87A77033-E2E8-4A51-8AA4-FF57A75A9A8E}.Debug|x64.Build.0 = Debug|Any CPU
		{87A77033-E2E8-4A51-8AA4-FF57A75A9A8E}.Debug|x86.ActiveCfg = Debug|Any CPU
		{87A77033-E2E8-4A51-8AA4-FF57A75A9A8E}.Debug|x86.Build.0 = Debug|Any CPU
		{87A77033-E2E8-4A51-8AA4-FF57A75A9A8E}.Release|Any CPU.ActiveCfg = Release|Any CPU
		{87A77033-E2E8-4A51-8AA4-FF57A75A9A8E}.Release|Any CPU.Build.0 = Release|Any CPU
		{87A77033-E2E8-4A51-8AA4-FF57A75A9A8E}.Release|x64.ActiveCfg = Release|Any CPU
		{87A77033-E2E8-4A51-8AA4-FF57A75A9A8E}.Release|x64.Build.0 = Release|Any CPU
		{87A77033-E2E8-4A51-8AA4-FF57A75A9A8E}.Release|x86.ActiveCfg = Release|Any CPU
		{87A77033-E2E8-4A51-8AA4-FF57A75A9A8E}.Release|x86.Build.0 = Release|Any CPU
	EndGlobalSection
	GlobalSection(SolutionProperties) = preSolution
		HideSolutionNode = FALSE
	EndGlobalSection
	GlobalSection(NestedProjects) = preSolution
		{B63A1EE9-2A63-4D35-8954-9515E14C06C0} = {5D20AA90-6969-D8BD-9DCD-8634F4692FDA}
		{6ABDDADD-5AB6-477C-8ECB-50BB8FDA7AD9} = {0AB3BF05-4346-4AA6-1389-037BE0695223}
		{0F1987EA-C678-4F85-91F0-FD95B869AC04} = {5D20AA90-6969-D8BD-9DCD-8634F4692FDA}
		{1E5E934C-63F3-C70D-188F-C029021D49D7} = {5D20AA90-6969-D8BD-9DCD-8634F4692FDA}
		{87A77033-E2E8-4A51-8AA4-FF57A75A9A8E} = {1E5E934C-63F3-C70D-188F-C029021D49D7}
	EndGlobalSection
EndGlobal
